
Microsoft Visual Studio Solution File, Format Version 12.00
# Visual Studio Version 17
VisualStudioVersion = 17.11.35312.102
MinimumVisualStudioVersion = 10.0.40219.1
Project("{8BC9CEB8-8B4A-11D0-8D11-00A0C91BC942}") = "VideoPlayer", "VideoPlayer\VideoPlayer.vcxproj", "{457C0FE5-D582-48B5-9F73-4F4836CA8EC0}"
EndProject
Global
	GlobalSection(SolutionConfigurationPlatforms) = preSolution
		Debug|x64 = Debug|x64
		Debug|x86 = Debug|x86
		Release|x64 = Release|x64
		Release|x86 = Release|x86
	EndGlobalSection
	GlobalSection(ProjectConfigurationPlatforms) = postSolution
		{457C0FE5-D582-48B5-9F73-4F4836CA8EC0}.Debug|x64.ActiveCfg = Debug|x64
		{457C0FE5-D582-48B5-9F73-4F4836CA8EC0}.Debug|x64.Build.0 = Debug|x64
		{457C0FE5-D582-48B5-9F73-4F4836CA8EC0}.Debug|x86.ActiveCfg = Debug|Win32
		{457C0FE5-D582-48B5-9F73-4F4836CA8EC0}.Debug|x86.Build.0 = Debug|Win32
		{457C0FE5-D582-48B5-9F73-4F4836CA8EC0}.Release|x64.ActiveCfg = Release|x64
		{457C0FE5-D582-48B5-9F73-4F4836CA8EC0}.Release|x64.Build.0 = Release|x64
		{457C0FE5-D582-48B5-9F73-4F4836CA8EC0}.Release|x86.ActiveCfg = Release|Win32
		{457C0FE5-D582-48B5-9F73-4F4836CA8EC0}.Release|x86.Build.0 = Release|Win32
	EndGlobalSection
	GlobalSection(SolutionProperties) = preSolution
		HideSolutionNode = FALSE
	EndGlobalSection
	GlobalSection(ExtensibilityGlobals) = postSolution
		SolutionGuid = {13643672-6BA6-47BB-A989-3D055D4D1954}
	EndGlobalSection
EndGlobal
